// !$*UTF8*$!
{
	archiveVersion = 1;
	classes = {
	};
	objectVersion = 46;
	objects = {

/* Begin PBXBuildFile section */
		DC03E2BEE1E7AD06AA9EAE83 /* Pods_Tazalyk.framework in Frameworks */ = {isa = PBXBuildFile; fileRef = E811BEC11EA36EDEA73DAA7A /* Pods_Tazalyk.framework */; };
		E3B369191F2BB83700C6C7C5 /* MapViewController.swift in Sources */ = {isa = PBXBuildFile; fileRef = E3B369181F2BB83700C6C7C5 /* MapViewController.swift */; };
		E3B77EF91F344B24008B1937 /* MapVC+constraints.swift in Sources */ = {isa = PBXBuildFile; fileRef = E3B77EF81F344B24008B1937 /* MapVC+constraints.swift */; };
		E3B9C5B91F21D66C00A69ABC /* AppDelegate.swift in Sources */ = {isa = PBXBuildFile; fileRef = E3B9C5B81F21D66C00A69ABC /* AppDelegate.swift */; };
		E3B9C5BB1F21D66C00A69ABC /* FirstViewController.swift in Sources */ = {isa = PBXBuildFile; fileRef = E3B9C5BA1F21D66C00A69ABC /* FirstViewController.swift */; };
		E3B9C5C31F21D66C00A69ABC /* LaunchScreen.storyboard in Resources */ = {isa = PBXBuildFile; fileRef = E3B9C5C11F21D66C00A69ABC /* LaunchScreen.storyboard */; };
		E3CD77261F38314700A865F3 /* Assets.xcassets in Resources */ = {isa = PBXBuildFile; fileRef = E3CD77251F38314700A865F3 /* Assets.xcassets */; };
		E3D6736F1F2945BF00D9C0B9 /* LoginViewController.swift in Sources */ = {isa = PBXBuildFile; fileRef = E3D6736E1F2945BF00D9C0B9 /* LoginViewController.swift */; };
		E3D673721F29CA7F00D9C0B9 /* Storyboard.storyboard in Resources */ = {isa = PBXBuildFile; fileRef = E3D673711F29CA7F00D9C0B9 /* Storyboard.storyboard */; };
		E3ED7C8A1F2A6BB300DD5A56 /* AuthorizationViewController.swift in Sources */ = {isa = PBXBuildFile; fileRef = E3ED7C891F2A6BB300DD5A56 /* AuthorizationViewController.swift */; };
		E3ED7C8E1F2B58E300DD5A56 /* GoogleService-Info.plist in Resources */ = {isa = PBXBuildFile; fileRef = E3ED7C8D1F2B58E300DD5A56 /* GoogleService-Info.plist */; };
		E3ED7C901F2B661E00DD5A56 /* TabBarViewController.swift in Sources */ = {isa = PBXBuildFile; fileRef = E3ED7C8F1F2B661E00DD5A56 /* TabBarViewController.swift */; };
		E3FD80521F2F994400AF31FB /* Proxima Nova Black.otf in Resources */ = {isa = PBXBuildFile; fileRef = E3FD80451F2F981000AF31FB /* Proxima Nova Black.otf */; };
		E3FD80531F2F994400AF31FB /* Proxima Nova Bold.otf in Resources */ = {isa = PBXBuildFile; fileRef = E3FD80471F2F981000AF31FB /* Proxima Nova Bold.otf */; };
		E3FD80541F2F994400AF31FB /* Proxima Nova Light.otf in Resources */ = {isa = PBXBuildFile; fileRef = E3FD804B1F2F981000AF31FB /* Proxima Nova Light.otf */; };
		E3FD80551F2F994400AF31FB /* Proxima Nova Regular Italic.otf in Resources */ = {isa = PBXBuildFile; fileRef = E3FD804C1F2F981000AF31FB /* Proxima Nova Regular Italic.otf */; };
		E3FD80561F2F994400AF31FB /* Proxima Nova Regular.otf in Resources */ = {isa = PBXBuildFile; fileRef = E3FD804D1F2F981000AF31FB /* Proxima Nova Regular.otf */; };
		E3FD80571F2F994400AF31FB /* Proxima Nova Semibold.otf in Resources */ = {isa = PBXBuildFile; fileRef = E3FD804F1F2F981000AF31FB /* Proxima Nova Semibold.otf */; };
		E3FD805D1F30518200AF31FB /* CategoryCollectionCell.swift in Sources */ = {isa = PBXBuildFile; fileRef = E3FD805C1F30518200AF31FB /* CategoryCollectionCell.swift */; };
		E3FD805F1F30534C00AF31FB /* Category.swift in Sources */ = {isa = PBXBuildFile; fileRef = E3FD805E1F30534C00AF31FB /* Category.swift */; };
		E3FD80611F30539E00AF31FB /* Pin.swift in Sources */ = {isa = PBXBuildFile; fileRef = E3FD80601F30539E00AF31FB /* Pin.swift */; };
		E3FD80631F32FCE000AF31FB /* RankingViewController.swift in Sources */ = {isa = PBXBuildFile; fileRef = E3FD80621F32FCE000AF31FB /* RankingViewController.swift */; };
		E3FD80651F32FCEB00AF31FB /* ProfileViewController.swift in Sources */ = {isa = PBXBuildFile; fileRef = E3FD80641F32FCEB00AF31FB /* ProfileViewController.swift */; };
		E3FD80671F3316ED00AF31FB /* FirstVC+handler.swift in Sources */ = {isa = PBXBuildFile; fileRef = E3FD80661F3316ED00AF31FB /* FirstVC+handler.swift */; };
		E3FD80691F33191600AF31FB /* LoginVC+handler.swift in Sources */ = {isa = PBXBuildFile; fileRef = E3FD80681F33191600AF31FB /* LoginVC+handler.swift */; };
		E3FD88541F2C74FF000B0F51 /* MapKit.framework in Frameworks */ = {isa = PBXBuildFile; fileRef = E3FD88531F2C74FF000B0F51 /* MapKit.framework */; };
/* End PBXBuildFile section */

/* Begin PBXFileReference section */
		ADDEA08549FB69ABC972C64F /* Pods-Tazalyk.debug.xcconfig */ = {isa = PBXFileReference; includeInIndex = 1; lastKnownFileType = text.xcconfig; name = "Pods-Tazalyk.debug.xcconfig"; path = "Pods/Target Support Files/Pods-Tazalyk/Pods-Tazalyk.debug.xcconfig"; sourceTree = "<group>"; };
		E32F476A1F266FFC00E6E605 /* Tazalyk.entitlements */ = {isa = PBXFileReference; lastKnownFileType = text.plist.entitlements; path = Tazalyk.entitlements; sourceTree = "<group>"; };
		E3B369181F2BB83700C6C7C5 /* MapViewController.swift */ = {isa = PBXFileReference; fileEncoding = 4; lastKnownFileType = sourcecode.swift; path = MapViewController.swift; sourceTree = "<group>"; };
		E3B77EF81F344B24008B1937 /* MapVC+constraints.swift */ = {isa = PBXFileReference; fileEncoding = 4; lastKnownFileType = sourcecode.swift; path = "MapVC+constraints.swift"; sourceTree = "<group>"; };
		E3B9C5B51F21D66C00A69ABC /* Tazalyk.app */ = {isa = PBXFileReference; explicitFileType = wrapper.application; includeInIndex = 0; path = Tazalyk.app; sourceTree = BUILT_PRODUCTS_DIR; };
		E3B9C5B81F21D66C00A69ABC /* AppDelegate.swift */ = {isa = PBXFileReference; lastKnownFileType = sourcecode.swift; path = AppDelegate.swift; sourceTree = "<group>"; };
		E3B9C5BA1F21D66C00A69ABC /* FirstViewController.swift */ = {isa = PBXFileReference; lastKnownFileType = sourcecode.swift; path = FirstViewController.swift; sourceTree = "<group>"; };
		E3B9C5C21F21D66C00A69ABC /* Base */ = {isa = PBXFileReference; lastKnownFileType = file.storyboard; name = Base; path = Base.lproj/LaunchScreen.storyboard; sourceTree = "<group>"; };
		E3B9C5C41F21D66C00A69ABC /* Info.plist */ = {isa = PBXFileReference; lastKnownFileType = text.plist.xml; path = Info.plist; sourceTree = "<group>"; };
		E3CD77251F38314700A865F3 /* Assets.xcassets */ = {isa = PBXFileReference; lastKnownFileType = folder.assetcatalog; path = Assets.xcassets; sourceTree = "<group>"; };
		E3D6736E1F2945BF00D9C0B9 /* LoginViewController.swift */ = {isa = PBXFileReference; fileEncoding = 4; lastKnownFileType = sourcecode.swift; path = LoginViewController.swift; sourceTree = "<group>"; };
		E3D673711F29CA7F00D9C0B9 /* Storyboard.storyboard */ = {isa = PBXFileReference; fileEncoding = 4; lastKnownFileType = file.storyboard; path = Storyboard.storyboard; sourceTree = "<group>"; };
		E3ED7C891F2A6BB300DD5A56 /* AuthorizationViewController.swift */ = {isa = PBXFileReference; fileEncoding = 4; lastKnownFileType = sourcecode.swift; path = AuthorizationViewController.swift; sourceTree = "<group>"; };
		E3ED7C8D1F2B58E300DD5A56 /* GoogleService-Info.plist */ = {isa = PBXFileReference; fileEncoding = 4; lastKnownFileType = text.plist.xml; path = "GoogleService-Info.plist"; sourceTree = "<group>"; };
		E3ED7C8F1F2B661E00DD5A56 /* TabBarViewController.swift */ = {isa = PBXFileReference; fileEncoding = 4; lastKnownFileType = sourcecode.swift; path = TabBarViewController.swift; sourceTree = "<group>"; };
		E3FD80451F2F981000AF31FB /* Proxima Nova Black.otf */ = {isa = PBXFileReference; lastKnownFileType = file; path = "Proxima Nova Black.otf"; sourceTree = "<group>"; };
		E3FD80471F2F981000AF31FB /* Proxima Nova Bold.otf */ = {isa = PBXFileReference; lastKnownFileType = file; path = "Proxima Nova Bold.otf"; sourceTree = "<group>"; };
		E3FD804B1F2F981000AF31FB /* Proxima Nova Light.otf */ = {isa = PBXFileReference; lastKnownFileType = file; path = "Proxima Nova Light.otf"; sourceTree = "<group>"; };
		E3FD804C1F2F981000AF31FB /* Proxima Nova Regular Italic.otf */ = {isa = PBXFileReference; lastKnownFileType = file; path = "Proxima Nova Regular Italic.otf"; sourceTree = "<group>"; };
		E3FD804D1F2F981000AF31FB /* Proxima Nova Regular.otf */ = {isa = PBXFileReference; lastKnownFileType = file; path = "Proxima Nova Regular.otf"; sourceTree = "<group>"; };
		E3FD804F1F2F981000AF31FB /* Proxima Nova Semibold.otf */ = {isa = PBXFileReference; lastKnownFileType = file; path = "Proxima Nova Semibold.otf"; sourceTree = "<group>"; };
		E3FD805C1F30518200AF31FB /* CategoryCollectionCell.swift */ = {isa = PBXFileReference; fileEncoding = 4; lastKnownFileType = sourcecode.swift; path = CategoryCollectionCell.swift; sourceTree = "<group>"; };
		E3FD805E1F30534C00AF31FB /* Category.swift */ = {isa = PBXFileReference; fileEncoding = 4; lastKnownFileType = sourcecode.swift; path = Category.swift; sourceTree = "<group>"; };
		E3FD80601F30539E00AF31FB /* Pin.swift */ = {isa = PBXFileReference; fileEncoding = 4; lastKnownFileType = sourcecode.swift; path = Pin.swift; sourceTree = "<group>"; };
		E3FD80621F32FCE000AF31FB /* RankingViewController.swift */ = {isa = PBXFileReference; fileEncoding = 4; lastKnownFileType = sourcecode.swift; path = RankingViewController.swift; sourceTree = "<group>"; };
		E3FD80641F32FCEB00AF31FB /* ProfileViewController.swift */ = {isa = PBXFileReference; fileEncoding = 4; lastKnownFileType = sourcecode.swift; path = ProfileViewController.swift; sourceTree = "<group>"; };
		E3FD80661F3316ED00AF31FB /* FirstVC+handler.swift */ = {isa = PBXFileReference; fileEncoding = 4; lastKnownFileType = sourcecode.swift; path = "FirstVC+handler.swift"; sourceTree = "<group>"; };
		E3FD80681F33191600AF31FB /* LoginVC+handler.swift */ = {isa = PBXFileReference; fileEncoding = 4; lastKnownFileType = sourcecode.swift; path = "LoginVC+handler.swift"; sourceTree = "<group>"; };
		E3FD88531F2C74FF000B0F51 /* MapKit.framework */ = {isa = PBXFileReference; lastKnownFileType = wrapper.framework; name = MapKit.framework; path = System/Library/Frameworks/MapKit.framework; sourceTree = SDKROOT; };
		E811BEC11EA36EDEA73DAA7A /* Pods_Tazalyk.framework */ = {isa = PBXFileReference; explicitFileType = wrapper.framework; includeInIndex = 0; path = Pods_Tazalyk.framework; sourceTree = BUILT_PRODUCTS_DIR; };
		FD6ACB551693F3E9AD80C788 /* Pods-Tazalyk.release.xcconfig */ = {isa = PBXFileReference; includeInIndex = 1; lastKnownFileType = text.xcconfig; name = "Pods-Tazalyk.release.xcconfig"; path = "Pods/Target Support Files/Pods-Tazalyk/Pods-Tazalyk.release.xcconfig"; sourceTree = "<group>"; };
/* End PBXFileReference section */

/* Begin PBXFrameworksBuildPhase section */
		E3B9C5B21F21D66C00A69ABC /* Frameworks */ = {
			isa = PBXFrameworksBuildPhase;
			buildActionMask = 2147483647;
			files = (
				E3FD88541F2C74FF000B0F51 /* MapKit.framework in Frameworks */,
				DC03E2BEE1E7AD06AA9EAE83 /* Pods_Tazalyk.framework in Frameworks */,
			);
			runOnlyForDeploymentPostprocessing = 0;
		};
/* End PBXFrameworksBuildPhase section */

/* Begin PBXGroup section */
		09958BE2778CADF6AFF100A5 /* Pods */ = {
			isa = PBXGroup;
			children = (
				ADDEA08549FB69ABC972C64F /* Pods-Tazalyk.debug.xcconfig */,
				FD6ACB551693F3E9AD80C788 /* Pods-Tazalyk.release.xcconfig */,
			);
			name = Pods;
			sourceTree = "<group>";
		};
		81FFD3011E30DDFFA92B4F8F /* Frameworks */ = {
			isa = PBXGroup;
			children = (
				E3FD88531F2C74FF000B0F51 /* MapKit.framework */,
				E811BEC11EA36EDEA73DAA7A /* Pods_Tazalyk.framework */,
			);
			name = Frameworks;
			sourceTree = "<group>";
		};
		E3B9C5AC1F21D66C00A69ABC = {
			isa = PBXGroup;
			children = (
				E3B9C5B71F21D66C00A69ABC /* Tazalyk */,
				E3B9C5B61F21D66C00A69ABC /* Products */,
				09958BE2778CADF6AFF100A5 /* Pods */,
				81FFD3011E30DDFFA92B4F8F /* Frameworks */,
			);
			sourceTree = "<group>";
		};
		E3B9C5B61F21D66C00A69ABC /* Products */ = {
			isa = PBXGroup;
			children = (
				E3B9C5B51F21D66C00A69ABC /* Tazalyk.app */,
			);
			name = Products;
			sourceTree = "<group>";
		};
		E3B9C5B71F21D66C00A69ABC /* Tazalyk */ = {
			isa = PBXGroup;
			children = (
				E3B9C5CD1F21D7AD00A69ABC /* Supporting files */,
				E3B9C5CC1F21D7A700A69ABC /* Model */,
				E3B9C5CB1F21D79F00A69ABC /* View */,
				E3B9C5CA1F21D79400A69ABC /* Controller */,
			);
			path = Tazalyk;
			sourceTree = "<group>";
		};
		E3B9C5CA1F21D79400A69ABC /* Controller */ = {
			isa = PBXGroup;
			children = (
				E3B9C5BA1F21D66C00A69ABC /* FirstViewController.swift */,
				E3FD80661F3316ED00AF31FB /* FirstVC+handler.swift */,
				E3D6736E1F2945BF00D9C0B9 /* LoginViewController.swift */,
				E3FD80681F33191600AF31FB /* LoginVC+handler.swift */,
				E3ED7C891F2A6BB300DD5A56 /* AuthorizationViewController.swift */,
				E3ED7C8F1F2B661E00DD5A56 /* TabBarViewController.swift */,
				E3B369181F2BB83700C6C7C5 /* MapViewController.swift */,
				E3B77EF81F344B24008B1937 /* MapVC+constraints.swift */,
				E3FD80621F32FCE000AF31FB /* RankingViewController.swift */,
				E3FD80641F32FCEB00AF31FB /* ProfileViewController.swift */,
			);
			name = Controller;
			sourceTree = "<group>";
		};
		E3B9C5CB1F21D79F00A69ABC /* View */ = {
			isa = PBXGroup;
			children = (
				E3FD805C1F30518200AF31FB /* CategoryCollectionCell.swift */,
			);
			name = View;
			sourceTree = "<group>";
		};
		E3B9C5CC1F21D7A700A69ABC /* Model */ = {
			isa = PBXGroup;
			children = (
				E3FD80601F30539E00AF31FB /* Pin.swift */,
				E3FD805E1F30534C00AF31FB /* Category.swift */,
			);
			name = Model;
			sourceTree = "<group>";
		};
		E3B9C5CD1F21D7AD00A69ABC /* Supporting files */ = {
			isa = PBXGroup;
			children = (
				E3FD80431F2F97B800AF31FB /* Fonts */,
				E3B9C5B81F21D66C00A69ABC /* AppDelegate.swift */,
				E3CD77251F38314700A865F3 /* Assets.xcassets */,
				E3B9C5C11F21D66C00A69ABC /* LaunchScreen.storyboard */,
				E32F476A1F266FFC00E6E605 /* Tazalyk.entitlements */,
				E3ED7C8D1F2B58E300DD5A56 /* GoogleService-Info.plist */,
				E3B9C5C41F21D66C00A69ABC /* Info.plist */,
				E3D673711F29CA7F00D9C0B9 /* Storyboard.storyboard */,
			);
			name = "Supporting files";
			sourceTree = "<group>";
		};
		E3FD80431F2F97B800AF31FB /* Fonts */ = {
			isa = PBXGroup;
			children = (
				E3FD80451F2F981000AF31FB /* Proxima Nova Black.otf */,
				E3FD80471F2F981000AF31FB /* Proxima Nova Bold.otf */,
				E3FD804B1F2F981000AF31FB /* Proxima Nova Light.otf */,
				E3FD804C1F2F981000AF31FB /* Proxima Nova Regular Italic.otf */,
				E3FD804D1F2F981000AF31FB /* Proxima Nova Regular.otf */,
				E3FD804F1F2F981000AF31FB /* Proxima Nova Semibold.otf */,
			);
			name = Fonts;
			sourceTree = "<group>";
		};
/* End PBXGroup section */

/* Begin PBXNativeTarget section */
		E3B9C5B41F21D66C00A69ABC /* Tazalyk */ = {
			isa = PBXNativeTarget;
			buildConfigurationList = E3B9C5C71F21D66C00A69ABC /* Build configuration list for PBXNativeTarget "Tazalyk" */;
			buildPhases = (
				9985176A545FD08B10D15DDA /* [CP] Check Pods Manifest.lock */,
				E3B9C5B11F21D66C00A69ABC /* Sources */,
				E3B9C5B21F21D66C00A69ABC /* Frameworks */,
				E3B9C5B31F21D66C00A69ABC /* Resources */,
				FBE65B6C7592C70ABE69C5F3 /* [CP] Embed Pods Frameworks */,
				5F2C8B29A3316D3FF654384B /* [CP] Copy Pods Resources */,
			);
			buildRules = (
			);
			dependencies = (
			);
			name = Tazalyk;
			productName = Tazalyk;
			productReference = E3B9C5B51F21D66C00A69ABC /* Tazalyk.app */;
			productType = "com.apple.product-type.application";
		};
/* End PBXNativeTarget section */

/* Begin PBXProject section */
		E3B9C5AD1F21D66C00A69ABC /* Project object */ = {
			isa = PBXProject;
			attributes = {
				LastSwiftUpdateCheck = 0830;
				LastUpgradeCheck = 0830;
				ORGANIZATIONNAME = "Next Step";
				TargetAttributes = {
					E3B9C5B41F21D66C00A69ABC = {
						CreatedOnToolsVersion = 8.3.3;
						DevelopmentTeam = ZX75ER273A;
						ProvisioningStyle = Automatic;
						SystemCapabilities = {
							com.apple.BackgroundModes = {
								enabled = 1;
							};
							com.apple.Maps.iOS = {
								enabled = 1;
							};
							com.apple.Push = {
								enabled = 1;
							};
							com.apple.VPNLite = {
								enabled = 0;
							};
						};
					};
				};
			};
			buildConfigurationList = E3B9C5B01F21D66C00A69ABC /* Build configuration list for PBXProject "Tazalyk" */;
			compatibilityVersion = "Xcode 3.2";
			developmentRegion = English;
			hasScannedForEncodings = 0;
			knownRegions = (
				en,
				Base,
			);
			mainGroup = E3B9C5AC1F21D66C00A69ABC;
			productRefGroup = E3B9C5B61F21D66C00A69ABC /* Products */;
			projectDirPath = "";
			projectRoot = "";
			targets = (
				E3B9C5B41F21D66C00A69ABC /* Tazalyk */,
			);
		};
/* End PBXProject section */

/* Begin PBXResourcesBuildPhase section */
		E3B9C5B31F21D66C00A69ABC /* Resources */ = {
			isa = PBXResourcesBuildPhase;
			buildActionMask = 2147483647;
			files = (
				E3FD80521F2F994400AF31FB /* Proxima Nova Black.otf in Resources */,
				E3FD80531F2F994400AF31FB /* Proxima Nova Bold.otf in Resources */,
				E3FD80541F2F994400AF31FB /* Proxima Nova Light.otf in Resources */,
				E3FD80551F2F994400AF31FB /* Proxima Nova Regular Italic.otf in Resources */,
				E3CD77261F38314700A865F3 /* Assets.xcassets in Resources */,
				E3FD80561F2F994400AF31FB /* Proxima Nova Regular.otf in Resources */,
				E3FD80571F2F994400AF31FB /* Proxima Nova Semibold.otf in Resources */,
				E3B9C5C31F21D66C00A69ABC /* LaunchScreen.storyboard in Resources */,
				E3ED7C8E1F2B58E300DD5A56 /* GoogleService-Info.plist in Resources */,
				E3D673721F29CA7F00D9C0B9 /* Storyboard.storyboard in Resources */,
			);
			runOnlyForDeploymentPostprocessing = 0;
		};
/* End PBXResourcesBuildPhase section */

/* Begin PBXShellScriptBuildPhase section */
		5F2C8B29A3316D3FF654384B /* [CP] Copy Pods Resources */ = {
			isa = PBXShellScriptBuildPhase;
			buildActionMask = 2147483647;
			files = (
			);
			inputPaths = (
			);
			name = "[CP] Copy Pods Resources";
			outputPaths = (
			);
			runOnlyForDeploymentPostprocessing = 0;
			shellPath = /bin/sh;
			shellScript = "\"${SRCROOT}/Pods/Target Support Files/Pods-Tazalyk/Pods-Tazalyk-resources.sh\"\n";
			showEnvVarsInLog = 0;
		};
		9985176A545FD08B10D15DDA /* [CP] Check Pods Manifest.lock */ = {
			isa = PBXShellScriptBuildPhase;
			buildActionMask = 2147483647;
			files = (
			);
			inputPaths = (
			);
			name = "[CP] Check Pods Manifest.lock";
			outputPaths = (
			);
			runOnlyForDeploymentPostprocessing = 0;
			shellPath = /bin/sh;
			shellScript = "diff \"${PODS_ROOT}/../Podfile.lock\" \"${PODS_ROOT}/Manifest.lock\" > /dev/null\nif [ $? != 0 ] ; then\n    # print error to STDERR\n    echo \"error: The sandbox is not in sync with the Podfile.lock. Run 'pod install' or update your CocoaPods installation.\" >&2\n    exit 1\nfi\n";
			showEnvVarsInLog = 0;
		};
		FBE65B6C7592C70ABE69C5F3 /* [CP] Embed Pods Frameworks */ = {
			isa = PBXShellScriptBuildPhase;
			buildActionMask = 2147483647;
			files = (
			);
			inputPaths = (
			);
			name = "[CP] Embed Pods Frameworks";
			outputPaths = (
			);
			runOnlyForDeploymentPostprocessing = 0;
			shellPath = /bin/sh;
			shellScript = "\"${SRCROOT}/Pods/Target Support Files/Pods-Tazalyk/Pods-Tazalyk-frameworks.sh\"\n";
			showEnvVarsInLog = 0;
		};
/* End PBXShellScriptBuildPhase section */

/* Begin PBXSourcesBuildPhase section */
		E3B9C5B11F21D66C00A69ABC /* Sources */ = {
			isa = PBXSourcesBuildPhase;
			buildActionMask = 2147483647;
			files = (
				E3B77EF91F344B24008B1937 /* MapVC+constraints.swift in Sources */,
				E3FD805F1F30534C00AF31FB /* Category.swift in Sources */,
				E3ED7C8A1F2A6BB300DD5A56 /* AuthorizationViewController.swift in Sources */,
				E3FD80671F3316ED00AF31FB /* FirstVC+handler.swift in Sources */,
				E3B369191F2BB83700C6C7C5 /* MapViewController.swift in Sources */,
				E3FD80691F33191600AF31FB /* LoginVC+handler.swift in Sources */,
				E3FD805D1F30518200AF31FB /* CategoryCollectionCell.swift in Sources */,
				E3D6736F1F2945BF00D9C0B9 /* LoginViewController.swift in Sources */,
				E3FD80631F32FCE000AF31FB /* RankingViewController.swift in Sources */,
				E3FD80651F32FCEB00AF31FB /* ProfileViewController.swift in Sources */,
				E3B9C5BB1F21D66C00A69ABC /* FirstViewController.swift in Sources */,
				E3FD80611F30539E00AF31FB /* Pin.swift in Sources */,
				E3ED7C901F2B661E00DD5A56 /* TabBarViewController.swift in Sources */,
				E3B9C5B91F21D66C00A69ABC /* AppDelegate.swift in Sources */,
			);
			runOnlyForDeploymentPostprocessing = 0;
		};
/* End PBXSourcesBuildPhase section */

/* Begin PBXVariantGroup section */
		E3B9C5C11F21D66C00A69ABC /* LaunchScreen.storyboard */ = {
			isa = PBXVariantGroup;
			children = (
				E3B9C5C21F21D66C00A69ABC /* Base */,
			);
			name = LaunchScreen.storyboard;
			sourceTree = "<group>";
		};
/* End PBXVariantGroup section */

/* Begin XCBuildConfiguration section */
		E3B9C5C51F21D66C00A69ABC /* Debug */ = {
			isa = XCBuildConfiguration;
			buildSettings = {
				ALWAYS_SEARCH_USER_PATHS = NO;
				CLANG_ANALYZER_NONNULL = YES;
				CLANG_ANALYZER_NUMBER_OBJECT_CONVERSION = YES_AGGRESSIVE;
				CLANG_CXX_LANGUAGE_STANDARD = "gnu++0x";
				CLANG_CXX_LIBRARY = "libc++";
				CLANG_ENABLE_MODULES = YES;
				CLANG_ENABLE_OBJC_ARC = YES;
				CLANG_WARN_BOOL_CONVERSION = YES;
				CLANG_WARN_CONSTANT_CONVERSION = YES;
				CLANG_WARN_DIRECT_OBJC_ISA_USAGE = YES_ERROR;
				CLANG_WARN_DOCUMENTATION_COMMENTS = YES;
				CLANG_WARN_EMPTY_BODY = YES;
				CLANG_WARN_ENUM_CONVERSION = YES;
				CLANG_WARN_INFINITE_RECURSION = YES;
				CLANG_WARN_INT_CONVERSION = YES;
				CLANG_WARN_OBJC_ROOT_CLASS = YES_ERROR;
				CLANG_WARN_SUSPICIOUS_MOVE = YES;
				CLANG_WARN_UNREACHABLE_CODE = YES;
				CLANG_WARN__DUPLICATE_METHOD_MATCH = YES;
				"CODE_SIGN_IDENTITY[sdk=iphoneos*]" = "iPhone Developer";
				COPY_PHASE_STRIP = NO;
				DEBUG_INFORMATION_FORMAT = dwarf;
				ENABLE_STRICT_OBJC_MSGSEND = YES;
				ENABLE_TESTABILITY = YES;
				GCC_C_LANGUAGE_STANDARD = gnu99;
				GCC_DYNAMIC_NO_PIC = NO;
				GCC_NO_COMMON_BLOCKS = YES;
				GCC_OPTIMIZATION_LEVEL = 0;
				GCC_PREPROCESSOR_DEFINITIONS = (
					"DEBUG=1",
					"$(inherited)",
				);
				GCC_WARN_64_TO_32_BIT_CONVERSION = YES;
				GCC_WARN_ABOUT_RETURN_TYPE = YES_ERROR;
				GCC_WARN_UNDECLARED_SELECTOR = YES;
				GCC_WARN_UNINITIALIZED_AUTOS = YES_AGGRESSIVE;
				GCC_WARN_UNUSED_FUNCTION = YES;
				GCC_WARN_UNUSED_VARIABLE = YES;
				IPHONEOS_DEPLOYMENT_TARGET = 10.3;
				MTL_ENABLE_DEBUG_INFO = YES;
				ONLY_ACTIVE_ARCH = YES;
				SDKROOT = iphoneos;
				SWIFT_ACTIVE_COMPILATION_CONDITIONS = DEBUG;
				SWIFT_OPTIMIZATION_LEVEL = "-Onone";
			};
			name = Debug;
		};
		E3B9C5C61F21D66C00A69ABC /* Release */ = {
			isa = XCBuildConfiguration;
			buildSettings = {
				ALWAYS_SEARCH_USER_PATHS = NO;
				CLANG_ANALYZER_NONNULL = YES;
				CLANG_ANALYZER_NUMBER_OBJECT_CONVERSION = YES_AGGRESSIVE;
				CLANG_CXX_LANGUAGE_STANDARD = "gnu++0x";
				CLANG_CXX_LIBRARY = "libc++";
				CLANG_ENABLE_MODULES = YES;
				CLANG_ENABLE_OBJC_ARC = YES;
				CLANG_WARN_BOOL_CONVERSION = YES;
				CLANG_WARN_CONSTANT_CONVERSION = YES;
				CLANG_WARN_DIRECT_OBJC_ISA_USAGE = YES_ERROR;
				CLANG_WARN_DOCUMENTATION_COMMENTS = YES;
				CLANG_WARN_EMPTY_BODY = YES;
				CLANG_WARN_ENUM_CONVERSION = YES;
				CLANG_WARN_INFINITE_RECURSION = YES;
				CLANG_WARN_INT_CONVERSION = YES;
				CLANG_WARN_OBJC_ROOT_CLASS = YES_ERROR;
				CLANG_WARN_SUSPICIOUS_MOVE = YES;
				CLANG_WARN_UNREACHABLE_CODE = YES;
				CLANG_WARN__DUPLICATE_METHOD_MATCH = YES;
				"CODE_SIGN_IDENTITY[sdk=iphoneos*]" = "iPhone Developer";
				COPY_PHASE_STRIP = NO;
				DEBUG_INFORMATION_FORMAT = "dwarf-with-dsym";
				ENABLE_NS_ASSERTIONS = NO;
				ENABLE_STRICT_OBJC_MSGSEND = YES;
				GCC_C_LANGUAGE_STANDARD = gnu99;
				GCC_NO_COMMON_BLOCKS = YES;
				GCC_WARN_64_TO_32_BIT_CONVERSION = YES;
				GCC_WARN_ABOUT_RETURN_TYPE = YES_ERROR;
				GCC_WARN_UNDECLARED_SELECTOR = YES;
				GCC_WARN_UNINITIALIZED_AUTOS = YES_AGGRESSIVE;
				GCC_WARN_UNUSED_FUNCTION = YES;
				GCC_WARN_UNUSED_VARIABLE = YES;
				IPHONEOS_DEPLOYMENT_TARGET = 10.3;
				MTL_ENABLE_DEBUG_INFO = NO;
				SDKROOT = iphoneos;
				SWIFT_OPTIMIZATION_LEVEL = "-Owholemodule";
				VALIDATE_PRODUCT = YES;
			};
			name = Release;
		};
		E3B9C5C81F21D66C00A69ABC /* Debug */ = {
			isa = XCBuildConfiguration;
			baseConfigurationReference = ADDEA08549FB69ABC972C64F /* Pods-Tazalyk.debug.xcconfig */;
			buildSettings = {
				ASSETCATALOG_COMPILER_APPICON_NAME = AppIcon;
				CODE_SIGN_ENTITLEMENTS = Tazalyk/Tazalyk.entitlements;
				DEVELOPMENT_TEAM = ZX75ER273A;
				INFOPLIST_FILE = Tazalyk/Info.plist;
				IPHONEOS_DEPLOYMENT_TARGET = 10.3;
				LD_RUNPATH_SEARCH_PATHS = "$(inherited) @executable_path/Frameworks";
				PRODUCT_BUNDLE_IDENTIFIER = kz.ibek.Tazalyk;
				PRODUCT_NAME = "$(TARGET_NAME)";
				SWIFT_VERSION = 3.0;
				TARGETED_DEVICE_FAMILY = 1;
			};
			name = Debug;
		};
		E3B9C5C91F21D66C00A69ABC /* Release */ = {
			isa = XCBuildConfiguration;
			baseConfigurationReference = FD6ACB551693F3E9AD80C788 /* Pods-Tazalyk.release.xcconfig */;
			buildSettings = {
				ASSETCATALOG_COMPILER_APPICON_NAME = AppIcon;
				CODE_SIGN_ENTITLEMENTS = Tazalyk/Tazalyk.entitlements;
				DEVELOPMENT_TEAM = ZX75ER273A;
				INFOPLIST_FILE = Tazalyk/Info.plist;
				IPHONEOS_DEPLOYMENT_TARGET = 10.3;
				LD_RUNPATH_SEARCH_PATHS = "$(inherited) @executable_path/Frameworks";
				PRODUCT_BUNDLE_IDENTIFIER = kz.ibek.Tazalyk;
				PRODUCT_NAME = "$(TARGET_NAME)";
				SWIFT_VERSION = 3.0;
				TARGETED_DEVICE_FAMILY = 1;
			};
			name = Release;
		};
/* End XCBuildConfiguration section */

/* Begin XCConfigurationList section */
		E3B9C5B01F21D66C00A69ABC /* Build configuration list for PBXProject "Tazalyk" */ = {
			isa = XCConfigurationList;
			buildConfigurations = (
				E3B9C5C51F21D66C00A69ABC /* Debug */,
				E3B9C5C61F21D66C00A69ABC /* Release */,
			);
			defaultConfigurationIsVisible = 0;
			defaultConfigurationName = Release;
		};
		E3B9C5C71F21D66C00A69ABC /* Build configuration list for PBXNativeTarget "Tazalyk" */ = {
			isa = XCConfigurationList;
			buildConfigurations = (
				E3B9C5C81F21D66C00A69ABC /* Debug */,
				E3B9C5C91F21D66C00A69ABC /* Release */,
			);
			defaultConfigurationIsVisible = 0;
			defaultConfigurationName = Release;
		};
/* End XCConfigurationList section */
	};
	rootObject = E3B9C5AD1F21D66C00A69ABC /* Project object */;
}
